<Solution>
  <Project Path="Menu.csproj" />
  <Project Path="Boxophobic.Utils.Editor.csproj" />
  <Project Path="Assembly-CSharp.csproj" />
  <Project Path="GameSettings.csproj" />
  <Project Path="InputSystem.Extensions.csproj" />
  <Project Path="Inventory.csproj" />
  <Project Path="Player.csproj" />
  <Project Path="Audio.Tuning.csproj" />
  <Project Path="KeyBinding.csproj" />
  <Project Path="Window.csproj" />
  <Project Path="Boxophobic.Utils.Scripts.csproj" />
  <Project Path="Staircase.Stair.csproj" />
  <Project Path="Audio.Music.csproj" />
  <Project Path="Boxophobic.SkyboxCubemapExtended.Editor.csproj" />
  <Project Path="GlassFloor.csproj" />
  <Project Path="GlassFloor.Editor.csproj" />
  <Project Path="KeyBinding.Editor.csproj" />
  <Project Path="DataSaving.csproj" />
  <Project Path="Screen.csproj" />
  <Project Path="Staircase.Generation.csproj" />
  <Project Path="InputActions.csproj" />
  <Project Path="GamePause.csproj" />
  <Project Path="InputHandler.csproj" />
  <Project Path="Mediator.csproj" />
  <Project Path="Audio.Music.Resources.Editor.csproj" />
  <Project Path="Scene.csproj" />
  <Project Path="Inventory.Editor.csproj" />
</Solution>
